
Microsoft Visual Studio Solution File, Format Version 12.00
# Visual Studio 15
VisualStudioVersion = 15.0.27428.2015
MinimumVisualStudioVersion = 10.0.40219.1
Project("{2150E333-8FDC-42A3-9474-1A3956D46DE8}") = "Data", "Data", "{81838BFD-3EF0-4BF2-9996-44349F601E3D}"
EndProject
Project("{2150E333-8FDC-42A3-9474-1A3956D46DE8}") = "Domain", "Domain", "{03B24293-E542-4250-B682-705003026FAC}"
EndProject
Project("{2150E333-8FDC-42A3-9474-1A3956D46DE8}") = "Presentation", "Presentation", "{93EFEEAB-7D6D-45EF-B518-9C5E8F53DBA5}"
EndProject
Project("{FAE04EC0-301F-11D3-BF4B-00C04F79EFBC}") = "Cinema.Data", "Cinema.Data\Cinema.Data.csproj", "{5BD46295-1197-415B-B456-B097FFF1D680}"
EndProject
Project("{FAE04EC0-301F-11D3-BF4B-00C04F79EFBC}") = "Cinema.Domain", "Cinema.Domain\Cinema.Domain.csproj", "{2DC2A7B6-0CE0-4078-89FF-018CE34F0211}"
EndProject
Project("{FAE04EC0-301F-11D3-BF4B-00C04F79EFBC}") = "Cinema.Presentation.Wpf", "Cinema.Presentation.Wpf\Cinema.Presentation.Wpf.csproj", "{91A410E0-924A-4F94-8120-19EEABA25917}"
EndProject
Project("{FAE04EC0-301F-11D3-BF4B-00C04F79EFBC}") = "Cinema.Domain.Models", "Cinema.Domain.Models\Cinema.Domain.Models.csproj", "{875DF3A0-6277-433D-9418-A99877B391E3}"
EndProject
Project("{FAE04EC0-301F-11D3-BF4B-00C04F79EFBC}") = "Cinema.Data.Stub", "Cinema.Data.Stub\Cinema.Data.Stub.csproj", "{70548357-C2C0-4B2B-A707-CE913741B97A}"
EndProject
Project("{2150E333-8FDC-42A3-9474-1A3956D46DE8}") = "Utilities", "Utilities", "{19F8224F-FE14-4E20-B33D-34D94073BABA}"
EndProject
Project("{FAE04EC0-301F-11D3-BF4B-00C04F79EFBC}") = "Cinema.Utilities.Wpf", "Cinema.Utilities.Wpf\Cinema.Utilities.Wpf.csproj", "{C9B3BBD3-FD42-4731-9FF5-98762F06492C}"
EndProject
Project("{FAE04EC0-301F-11D3-BF4B-00C04F79EFBC}") = "Cinema.Data.XmlXDocument", "Cinema.Data.XmlXDocument\Cinema.Data.XmlXDocument.csproj", "{391A6AA9-1441-41F0-BE9A-AB5AC40D19A8}"
EndProject
Project("{FAE04EC0-301F-11D3-BF4B-00C04F79EFBC}") = "Cinemas", "Cinemas\Cinemas.csproj", "{46DE9AA0-188B-415A-BB3E-1D14E11ECB81}"
EndProject
Project("{2150E333-8FDC-42A3-9474-1A3956D46DE8}") = "DataSources", "DataSources", "{3F97D670-7811-48D4-AE29-1E2905339198}"
	ProjectSection(SolutionItems) = preProject
		DataSources\Films.sql = DataSources\Films.sql
		DataSources\Films.xml = DataSources\Films.xml
	EndProjectSection
EndProject
Project("{FAE04EC0-301F-11D3-BF4B-00C04F79EFBC}") = "Cinema.Data.SqlServerOdbc", "Cinema.Data.SqlServerOdbc\Cinema.Data.SqlServerOdbc.csproj", "{CC074DEE-9286-492E-8B09-473CB0B0790A}"
EndProject
Project("{FAE04EC0-301F-11D3-BF4B-00C04F79EFBC}") = "Cinema.Data.SqlClient", "Cinema.Data.SqlClient\Cinema.Data.SqlClient.csproj", "{2C8E7E3C-F8E4-46AE-963A-722161769D7F}"
EndProject
Project("{FAE04EC0-301F-11D3-BF4B-00C04F79EFBC}") = "Cinema.Utilities.Data", "Cinema.Utilities.Data\Cinema.Utilities.Data.csproj", "{217C18D9-FF7A-46DA-A671-6912FE159C37}"
EndProject
Global
	GlobalSection(SolutionConfigurationPlatforms) = preSolution
		Debug|Any CPU = Debug|Any CPU
		Release|Any CPU = Release|Any CPU
	EndGlobalSection
	GlobalSection(ProjectConfigurationPlatforms) = postSolution
		{5BD46295-1197-415B-B456-B097FFF1D680}.Debug|Any CPU.ActiveCfg = Debug|Any CPU
		{5BD46295-1197-415B-B456-B097FFF1D680}.Debug|Any CPU.Build.0 = Debug|Any CPU
		{5BD46295-1197-415B-B456-B097FFF1D680}.Release|Any CPU.ActiveCfg = Release|Any CPU
		{5BD46295-1197-415B-B456-B097FFF1D680}.Release|Any CPU.Build.0 = Release|Any CPU
		{2DC2A7B6-0CE0-4078-89FF-018CE34F0211}.Debug|Any CPU.ActiveCfg = Debug|Any CPU
		{2DC2A7B6-0CE0-4078-89FF-018CE34F0211}.Debug|Any CPU.Build.0 = Debug|Any CPU
		{2DC2A7B6-0CE0-4078-89FF-018CE34F0211}.Release|Any CPU.ActiveCfg = Release|Any CPU
		{2DC2A7B6-0CE0-4078-89FF-018CE34F0211}.Release|Any CPU.Build.0 = Release|Any CPU
		{91A410E0-924A-4F94-8120-19EEABA25917}.Debug|Any CPU.ActiveCfg = Debug|Any CPU
		{91A410E0-924A-4F94-8120-19EEABA25917}.Debug|Any CPU.Build.0 = Debug|Any CPU
		{91A410E0-924A-4F94-8120-19EEABA25917}.Release|Any CPU.ActiveCfg = Release|Any CPU
		{91A410E0-924A-4F94-8120-19EEABA25917}.Release|Any CPU.Build.0 = Release|Any CPU
		{875DF3A0-6277-433D-9418-A99877B391E3}.Debug|Any CPU.ActiveCfg = Debug|Any CPU
		{875DF3A0-6277-433D-9418-A99877B391E3}.Debug|Any CPU.Build.0 = Debug|Any CPU
		{875DF3A0-6277-433D-9418-A99877B391E3}.Release|Any CPU.ActiveCfg = Release|Any CPU
		{875DF3A0-6277-433D-9418-A99877B391E3}.Release|Any CPU.Build.0 = Release|Any CPU
		{70548357-C2C0-4B2B-A707-CE913741B97A}.Debug|Any CPU.ActiveCfg = Debug|Any CPU
		{70548357-C2C0-4B2B-A707-CE913741B97A}.Debug|Any CPU.Build.0 = Debug|Any CPU
		{70548357-C2C0-4B2B-A707-CE913741B97A}.Release|Any CPU.ActiveCfg = Release|Any CPU
		{70548357-C2C0-4B2B-A707-CE913741B97A}.Release|Any CPU.Build.0 = Release|Any CPU
		{C9B3BBD3-FD42-4731-9FF5-98762F06492C}.Debug|Any CPU.ActiveCfg = Debug|Any CPU
		{C9B3BBD3-FD42-4731-9FF5-98762F06492C}.Debug|Any CPU.Build.0 = Debug|Any CPU
		{C9B3BBD3-FD42-4731-9FF5-98762F06492C}.Release|Any CPU.ActiveCfg = Release|Any CPU
		{C9B3BBD3-FD42-4731-9FF5-98762F06492C}.Release|Any CPU.Build.0 = Release|Any CPU
		{391A6AA9-1441-41F0-BE9A-AB5AC40D19A8}.Debug|Any CPU.ActiveCfg = Debug|Any CPU
		{391A6AA9-1441-41F0-BE9A-AB5AC40D19A8}.Debug|Any CPU.Build.0 = Debug|Any CPU
		{391A6AA9-1441-41F0-BE9A-AB5AC40D19A8}.Release|Any CPU.ActiveCfg = Release|Any CPU
		{391A6AA9-1441-41F0-BE9A-AB5AC40D19A8}.Release|Any CPU.Build.0 = Release|Any CPU
		{46DE9AA0-188B-415A-BB3E-1D14E11ECB81}.Debug|Any CPU.ActiveCfg = Debug|Any CPU
		{46DE9AA0-188B-415A-BB3E-1D14E11ECB81}.Debug|Any CPU.Build.0 = Debug|Any CPU
		{46DE9AA0-188B-415A-BB3E-1D14E11ECB81}.Release|Any CPU.ActiveCfg = Release|Any CPU
		{46DE9AA0-188B-415A-BB3E-1D14E11ECB81}.Release|Any CPU.Build.0 = Release|Any CPU
		{CC074DEE-9286-492E-8B09-473CB0B0790A}.Debug|Any CPU.ActiveCfg = Debug|Any CPU
		{CC074DEE-9286-492E-8B09-473CB0B0790A}.Debug|Any CPU.Build.0 = Debug|Any CPU
		{CC074DEE-9286-492E-8B09-473CB0B0790A}.Release|Any CPU.ActiveCfg = Release|Any CPU
		{CC074DEE-9286-492E-8B09-473CB0B0790A}.Release|Any CPU.Build.0 = Release|Any CPU
		{2C8E7E3C-F8E4-46AE-963A-722161769D7F}.Debug|Any CPU.ActiveCfg = Debug|Any CPU
		{2C8E7E3C-F8E4-46AE-963A-722161769D7F}.Debug|Any CPU.Build.0 = Debug|Any CPU
		{2C8E7E3C-F8E4-46AE-963A-722161769D7F}.Release|Any CPU.ActiveCfg = Release|Any CPU
		{2C8E7E3C-F8E4-46AE-963A-722161769D7F}.Release|Any CPU.Build.0 = Release|Any CPU
		{217C18D9-FF7A-46DA-A671-6912FE159C37}.Debug|Any CPU.ActiveCfg = Debug|Any CPU
		{217C18D9-FF7A-46DA-A671-6912FE159C37}.Debug|Any CPU.Build.0 = Debug|Any CPU
		{217C18D9-FF7A-46DA-A671-6912FE159C37}.Release|Any CPU.ActiveCfg = Release|Any CPU
		{217C18D9-FF7A-46DA-A671-6912FE159C37}.Release|Any CPU.Build.0 = Release|Any CPU
	EndGlobalSection
	GlobalSection(SolutionProperties) = preSolution
		HideSolutionNode = FALSE
	EndGlobalSection
	GlobalSection(NestedProjects) = preSolution
		{5BD46295-1197-415B-B456-B097FFF1D680} = {81838BFD-3EF0-4BF2-9996-44349F601E3D}
		{2DC2A7B6-0CE0-4078-89FF-018CE34F0211} = {03B24293-E542-4250-B682-705003026FAC}
		{91A410E0-924A-4F94-8120-19EEABA25917} = {93EFEEAB-7D6D-45EF-B518-9C5E8F53DBA5}
		{875DF3A0-6277-433D-9418-A99877B391E3} = {03B24293-E542-4250-B682-705003026FAC}
		{70548357-C2C0-4B2B-A707-CE913741B97A} = {81838BFD-3EF0-4BF2-9996-44349F601E3D}
		{C9B3BBD3-FD42-4731-9FF5-98762F06492C} = {19F8224F-FE14-4E20-B33D-34D94073BABA}
		{391A6AA9-1441-41F0-BE9A-AB5AC40D19A8} = {81838BFD-3EF0-4BF2-9996-44349F601E3D}
		{46DE9AA0-188B-415A-BB3E-1D14E11ECB81} = {19F8224F-FE14-4E20-B33D-34D94073BABA}
		{CC074DEE-9286-492E-8B09-473CB0B0790A} = {81838BFD-3EF0-4BF2-9996-44349F601E3D}
		{2C8E7E3C-F8E4-46AE-963A-722161769D7F} = {81838BFD-3EF0-4BF2-9996-44349F601E3D}
		{217C18D9-FF7A-46DA-A671-6912FE159C37} = {19F8224F-FE14-4E20-B33D-34D94073BABA}
	EndGlobalSection
	GlobalSection(ExtensibilityGlobals) = postSolution
		SolutionGuid = {D27EAAE0-613E-438B-A9D4-EF77C7CAF18F}
	EndGlobalSection
EndGlobal
